
Microsoft Visual Studio Solution File, Format Version 12.00
# Visual Studio Version 17
VisualStudioVersion = 17.7.34221.43
MinimumVisualStudioVersion = 10.0.40219.1
Project("{8BC9CEB8-8B4A-11D0-8D11-00A0C91BC942}") = "c-examples", "c-examples\c-examples.vcxproj", "{0E82F580-ED37-40A0-BB78-5966B26189DC}"
EndProject
Project("{8BC9CEB8-8B4A-11D0-8D11-00A0C91BC942}") = "ex0101", "ex0101\ex0101.vcxproj", "{C61E6BE2-0FC9-497D-A544-696852119255}"
EndProject
Project("{8BC9CEB8-8B4A-11D0-8D11-00A0C91BC942}") = "ex0201", "ex0201\ex0201.vcxproj", "{6ABA8E66-8D1E-4B39-A0B7-F80860F65BA3}"
EndProject
Project("{8BC9CEB8-8B4A-11D0-8D11-00A0C91BC942}") = "ex0301", "ex0301\ex0301.vcxproj", "{AC97284C-A0E4-4AF4-89FA-3FA97ED4FB5E}"
EndProject
Project("{8BC9CEB8-8B4A-11D0-8D11-00A0C91BC942}") = "ex0401", "ex0401\ex0401.vcxproj", "{4071EFCA-EA82-496B-92DF-5BC08DAA98A9}"
EndProject
Project("{8BC9CEB8-8B4A-11D0-8D11-00A0C91BC942}") = "ex0402", "ex0402\ex0402.vcxproj", "{CB76EA56-C5D4-4E94-823C-CF2034AF197C}"
EndProject
Project("{8BC9CEB8-8B4A-11D0-8D11-00A0C91BC942}") = "ex0403", "ex0403\ex0403.vcxproj", "{ADDA3884-935C-4137-9D11-3797E335E149}"
EndProject
Project("{8BC9CEB8-8B4A-11D0-8D11-00A0C91BC942}") = "ex0404", "ex0404\ex0404.vcxproj", "{2B28A067-FF14-4C0F-B34A-9E6DD7B91AFE}"
EndProject
Project("{8BC9CEB8-8B4A-11D0-8D11-00A0C91BC942}") = "ex0405", "ex0405\ex0405.vcxproj", "{5BD44DA3-5FE4-41CD-9A79-99D44865508B}"
EndProject
Project("{8BC9CEB8-8B4A-11D0-8D11-00A0C91BC942}") = "ex0406", "ex0406\ex0406.vcxproj", "{3E28DD58-3E09-4350-B10F-12031D5EAC81}"
EndProject
Project("{8BC9CEB8-8B4A-11D0-8D11-00A0C91BC942}") = "ex0407", "ex0407\ex0407.vcxproj", "{0348A56A-0C10-4F5C-94FD-C9B16C91E48A}"
EndProject
Project("{8BC9CEB8-8B4A-11D0-8D11-00A0C91BC942}") = "ex0408", "ex0408\ex0408.vcxproj", "{439060F1-24E1-4237-9FF9-A3FCDC5C12E2}"
EndProject
Project("{8BC9CEB8-8B4A-11D0-8D11-00A0C91BC942}") = "ex0409", "ex0409\ex0409.vcxproj", "{29555981-4988-410A-8C6A-F617F5BD1149}"
EndProject
Project("{8BC9CEB8-8B4A-11D0-8D11-00A0C91BC942}") = "ex0410", "ex0410\ex0410.vcxproj", "{BE45249F-545D-4165-B4E7-6B6F4A6F4278}"
EndProject
Project("{8BC9CEB8-8B4A-11D0-8D11-00A0C91BC942}") = "ex0411", "ex0411\ex0411.vcxproj", "{1301AFFC-ECC5-4282-B9CE-19073CFC70B7}"
EndProject
Project("{8BC9CEB8-8B4A-11D0-8D11-00A0C91BC942}") = "ex0412", "ex0412\ex0412.vcxproj", "{350DDB3C-EC2B-40B4-8EB6-5744BEF049D9}"
EndProject
Project("{8BC9CEB8-8B4A-11D0-8D11-00A0C91BC942}") = "ex0413", "ex0413\ex0413.vcxproj", "{F643C081-D235-405E-8040-65AAA726BC91}"
EndProject
Project("{8BC9CEB8-8B4A-11D0-8D11-00A0C91BC942}") = "ex0414", "ex0414\ex0414.vcxproj", "{7F3B0096-6781-4D8E-A870-5ACE3E625A2B}"
EndProject
Project("{8BC9CEB8-8B4A-11D0-8D11-00A0C91BC942}") = "ex0415", "ex0415\ex0415.vcxproj", "{BB3E4986-F2D5-40AE-86C6-348D7EA70990}"
EndProject
Project("{8BC9CEB8-8B4A-11D0-8D11-00A0C91BC942}") = "ex0416", "ex0416\ex0416.vcxproj", "{27743F9E-A85D-4F33-8614-5AB760C4BEB6}"
EndProject
Project("{8BC9CEB8-8B4A-11D0-8D11-00A0C91BC942}") = "ex0501", "ex0501\ex0501.vcxproj", "{9D080D7A-267C-4830-AEA2-C47C0F233E74}"
EndProject
Project("{8BC9CEB8-8B4A-11D0-8D11-00A0C91BC942}") = "ex0502", "ex0502\ex0502.vcxproj", "{41A182D7-30AB-45B5-9340-67FB182BD724}"
EndProject
Project("{8BC9CEB8-8B4A-11D0-8D11-00A0C91BC942}") = "ex0503", "ex0503\ex0503.vcxproj", "{4E4098B9-1D99-4E3E-82C9-690C54ECF7F2}"
EndProject
Project("{8BC9CEB8-8B4A-11D0-8D11-00A0C91BC942}") = "ex0504", "ex0504\ex0504.vcxproj", "{44E14846-58E1-479A-9160-9566EC6B801D}"
EndProject
Project("{8BC9CEB8-8B4A-11D0-8D11-00A0C91BC942}") = "ex0505", "ex0505\ex0505.vcxproj", "{B29D7C68-5E3B-4E04-9F04-ECE29737006E}"
EndProject
Project("{8BC9CEB8-8B4A-11D0-8D11-00A0C91BC942}") = "ex0506", "ex0506\ex0506.vcxproj", "{0ED8B543-B573-4F08-83EE-8575B12F9D98}"
EndProject
Project("{8BC9CEB8-8B4A-11D0-8D11-00A0C91BC942}") = "ex0507", "ex0507\ex0507.vcxproj", "{3D345E59-5602-4DC2-9E01-D55DAE259E6C}"
EndProject
Project("{8BC9CEB8-8B4A-11D0-8D11-00A0C91BC942}") = "ex0508", "ex0508\ex0508.vcxproj", "{FA341B22-3777-4A21-8991-CDFD02955FF7}"
EndProject
Project("{8BC9CEB8-8B4A-11D0-8D11-00A0C91BC942}") = "ex0509", "ex0509\ex0509.vcxproj", "{3D209F02-1448-4404-BD21-D23E088E3F64}"
EndProject
Project("{8BC9CEB8-8B4A-11D0-8D11-00A0C91BC942}") = "ex0510", "ex0510\ex0510.vcxproj", "{F4859BAA-5B4C-4FB8-85EC-83D6CD8FE4A6}"
EndProject
Project("{8BC9CEB8-8B4A-11D0-8D11-00A0C91BC942}") = "ex0511", "ex0511\ex0511.vcxproj", "{3A96EE98-B46E-43AF-8500-8AABF205B0AD}"
EndProject
Project("{8BC9CEB8-8B4A-11D0-8D11-00A0C91BC942}") = "ex0512", "ex0512\ex0512.vcxproj", "{DB645861-5116-423E-B5A0-237E44240652}"
EndProject
Project("{8BC9CEB8-8B4A-11D0-8D11-00A0C91BC942}") = "ex0513", "ex0513\ex0513.vcxproj", "{9180731B-5FF5-4DC3-8413-FA6E65D769B9}"
EndProject
Global
	GlobalSection(SolutionConfigurationPlatforms) = preSolution
		Debug|x64 = Debug|x64
		Debug|x86 = Debug|x86
		Release|x64 = Release|x64
		Release|x86 = Release|x86
	EndGlobalSection
	GlobalSection(ProjectConfigurationPlatforms) = postSolution
		{0E82F580-ED37-40A0-BB78-5966B26189DC}.Debug|x64.ActiveCfg = Debug|x64
		{0E82F580-ED37-40A0-BB78-5966B26189DC}.Debug|x64.Build.0 = Debug|x64
		{0E82F580-ED37-40A0-BB78-5966B26189DC}.Debug|x86.ActiveCfg = Debug|Win32
		{0E82F580-ED37-40A0-BB78-5966B26189DC}.Debug|x86.Build.0 = Debug|Win32
		{0E82F580-ED37-40A0-BB78-5966B26189DC}.Release|x64.ActiveCfg = Release|x64
		{0E82F580-ED37-40A0-BB78-5966B26189DC}.Release|x64.Build.0 = Release|x64
		{0E82F580-ED37-40A0-BB78-5966B26189DC}.Release|x86.ActiveCfg = Release|Win32
		{0E82F580-ED37-40A0-BB78-5966B26189DC}.Release|x86.Build.0 = Release|Win32
		{C61E6BE2-0FC9-497D-A544-696852119255}.Debug|x64.ActiveCfg = Debug|x64
		{C61E6BE2-0FC9-497D-A544-696852119255}.Debug|x64.Build.0 = Debug|x64
		{C61E6BE2-0FC9-497D-A544-696852119255}.Debug|x86.ActiveCfg = Debug|Win32
		{C61E6BE2-0FC9-497D-A544-696852119255}.Debug|x86.Build.0 = Debug|Win32
		{C61E6BE2-0FC9-497D-A544-696852119255}.Release|x64.ActiveCfg = Release|x64
		{C61E6BE2-0FC9-497D-A544-696852119255}.Release|x64.Build.0 = Release|x64
		{C61E6BE2-0FC9-497D-A544-696852119255}.Release|x86.ActiveCfg = Release|Win32
		{C61E6BE2-0FC9-497D-A544-696852119255}.Release|x86.Build.0 = Release|Win32
		{6ABA8E66-8D1E-4B39-A0B7-F80860F65BA3}.Debug|x64.ActiveCfg = Debug|x64
		{6ABA8E66-8D1E-4B39-A0B7-F80860F65BA3}.Debug|x64.Build.0 = Debug|x64
		{6ABA8E66-8D1E-4B39-A0B7-F80860F65BA3}.Debug|x86.ActiveCfg = Debug|Win32
		{6ABA8E66-8D1E-4B39-A0B7-F80860F65BA3}.Debug|x86.Build.0 = Debug|Win32
		{6ABA8E66-8D1E-4B39-A0B7-F80860F65BA3}.Release|x64.ActiveCfg = Release|x64
		{6ABA8E66-8D1E-4B39-A0B7-F80860F65BA3}.Release|x64.Build.0 = Release|x64
		{6ABA8E66-8D1E-4B39-A0B7-F80860F65BA3}.Release|x86.ActiveCfg = Release|Win32
		{6ABA8E66-8D1E-4B39-A0B7-F80860F65BA3}.Release|x86.Build.0 = Release|Win32
		{AC97284C-A0E4-4AF4-89FA-3FA97ED4FB5E}.Debug|x64.ActiveCfg = Debug|x64
		{AC97284C-A0E4-4AF4-89FA-3FA97ED4FB5E}.Debug|x64.Build.0 = Debug|x64
		{AC97284C-A0E4-4AF4-89FA-3FA97ED4FB5E}.Debug|x86.ActiveCfg = Debug|Win32
		{AC97284C-A0E4-4AF4-89FA-3FA97ED4FB5E}.Debug|x86.Build.0 = Debug|Win32
		{AC97284C-A0E4-4AF4-89FA-3FA97ED4FB5E}.Release|x64.ActiveCfg = Release|x64
		{AC97284C-A0E4-4AF4-89FA-3FA97ED4FB5E}.Release|x64.Build.0 = Release|x64
		{AC97284C-A0E4-4AF4-89FA-3FA97ED4FB5E}.Release|x86.ActiveCfg = Release|Win32
		{AC97284C-A0E4-4AF4-89FA-3FA97ED4FB5E}.Release|x86.Build.0 = Release|Win32
		{4071EFCA-EA82-496B-92DF-5BC08DAA98A9}.Debug|x64.ActiveCfg = Debug|x64
		{4071EFCA-EA82-496B-92DF-5BC08DAA98A9}.Debug|x64.Build.0 = Debug|x64
		{4071EFCA-EA82-496B-92DF-5BC08DAA98A9}.Debug|x86.ActiveCfg = Debug|Win32
		{4071EFCA-EA82-496B-92DF-5BC08DAA98A9}.Debug|x86.Build.0 = Debug|Win32
		{4071EFCA-EA82-496B-92DF-5BC08DAA98A9}.Release|x64.ActiveCfg = Release|x64
		{4071EFCA-EA82-496B-92DF-5BC08DAA98A9}.Release|x64.Build.0 = Release|x64
		{4071EFCA-EA82-496B-92DF-5BC08DAA98A9}.Release|x86.ActiveCfg = Release|Win32
		{4071EFCA-EA82-496B-92DF-5BC08DAA98A9}.Release|x86.Build.0 = Release|Win32
		{CB76EA56-C5D4-4E94-823C-CF2034AF197C}.Debug|x64.ActiveCfg = Debug|x64
		{CB76EA56-C5D4-4E94-823C-CF2034AF197C}.Debug|x64.Build.0 = Debug|x64
		{CB76EA56-C5D4-4E94-823C-CF2034AF197C}.Debug|x86.ActiveCfg = Debug|Win32
		{CB76EA56-C5D4-4E94-823C-CF2034AF197C}.Debug|x86.Build.0 = Debug|Win32
		{CB76EA56-C5D4-4E94-823C-CF2034AF197C}.Release|x64.ActiveCfg = Release|x64
		{CB76EA56-C5D4-4E94-823C-CF2034AF197C}.Release|x64.Build.0 = Release|x64
		{CB76EA56-C5D4-4E94-823C-CF2034AF197C}.Release|x86.ActiveCfg = Release|Win32
		{CB76EA56-C5D4-4E94-823C-CF2034AF197C}.Release|x86.Build.0 = Release|Win32
		{ADDA3884-935C-4137-9D11-3797E335E149}.Debug|x64.ActiveCfg = Debug|x64
		{ADDA3884-935C-4137-9D11-3797E335E149}.Debug|x64.Build.0 = Debug|x64
		{ADDA3884-935C-4137-9D11-3797E335E149}.Debug|x86.ActiveCfg = Debug|Win32
		{ADDA3884-935C-4137-9D11-3797E335E149}.Debug|x86.Build.0 = Debug|Win32
		{ADDA3884-935C-4137-9D11-3797E335E149}.Release|x64.ActiveCfg = Release|x64
		{ADDA3884-935C-4137-9D11-3797E335E149}.Release|x64.Build.0 = Release|x64
		{ADDA3884-935C-4137-9D11-3797E335E149}.Release|x86.ActiveCfg = Release|Win32
		{ADDA3884-935C-4137-9D11-3797E335E149}.Release|x86.Build.0 = Release|Win32
		{2B28A067-FF14-4C0F-B34A-9E6DD7B91AFE}.Debug|x64.ActiveCfg = Debug|x64
		{2B28A067-FF14-4C0F-B34A-9E6DD7B91AFE}.Debug|x64.Build.0 = Debug|x64
		{2B28A067-FF14-4C0F-B34A-9E6DD7B91AFE}.Debug|x86.ActiveCfg = Debug|Win32
		{2B28A067-FF14-4C0F-B34A-9E6DD7B91AFE}.Debug|x86.Build.0 = Debug|Win32
		{2B28A067-FF14-4C0F-B34A-9E6DD7B91AFE}.Release|x64.ActiveCfg = Release|x64
		{2B28A067-FF14-4C0F-B34A-9E6DD7B91AFE}.Release|x64.Build.0 = Release|x64
		{2B28A067-FF14-4C0F-B34A-9E6DD7B91AFE}.Release|x86.ActiveCfg = Release|Win32
		{2B28A067-FF14-4C0F-B34A-9E6DD7B91AFE}.Release|x86.Build.0 = Release|Win32
		{5BD44DA3-5FE4-41CD-9A79-99D44865508B}.Debug|x64.ActiveCfg = Debug|x64
		{5BD44DA3-5FE4-41CD-9A79-99D44865508B}.Debug|x64.Build.0 = Debug|x64
		{5BD44DA3-5FE4-41CD-9A79-99D44865508B}.Debug|x86.ActiveCfg = Debug|Win32
		{5BD44DA3-5FE4-41CD-9A79-99D44865508B}.Debug|x86.Build.0 = Debug|Win32
		{5BD44DA3-5FE4-41CD-9A79-99D44865508B}.Release|x64.ActiveCfg = Release|x64
		{5BD44DA3-5FE4-41CD-9A79-99D44865508B}.Release|x64.Build.0 = Release|x64
		{5BD44DA3-5FE4-41CD-9A79-99D44865508B}.Release|x86.ActiveCfg = Release|Win32
		{5BD44DA3-5FE4-41CD-9A79-99D44865508B}.Release|x86.Build.0 = Release|Win32
		{3E28DD58-3E09-4350-B10F-12031D5EAC81}.Debug|x64.ActiveCfg = Debug|x64
		{3E28DD58-3E09-4350-B10F-12031D5EAC81}.Debug|x64.Build.0 = Debug|x64
		{3E28DD58-3E09-4350-B10F-12031D5EAC81}.Debug|x86.ActiveCfg = Debug|Win32
		{3E28DD58-3E09-4350-B10F-12031D5EAC81}.Debug|x86.Build.0 = Debug|Win32
		{3E28DD58-3E09-4350-B10F-12031D5EAC81}.Release|x64.ActiveCfg = Release|x64
		{3E28DD58-3E09-4350-B10F-12031D5EAC81}.Release|x64.Build.0 = Release|x64
		{3E28DD58-3E09-4350-B10F-12031D5EAC81}.Release|x86.ActiveCfg = Release|Win32
		{3E28DD58-3E09-4350-B10F-12031D5EAC81}.Release|x86.Build.0 = Release|Win32
		{0348A56A-0C10-4F5C-94FD-C9B16C91E48A}.Debug|x64.ActiveCfg = Debug|x64
		{0348A56A-0C10-4F5C-94FD-C9B16C91E48A}.Debug|x64.Build.0 = Debug|x64
		{0348A56A-0C10-4F5C-94FD-C9B16C91E48A}.Debug|x86.ActiveCfg = Debug|Win32
		{0348A56A-0C10-4F5C-94FD-C9B16C91E48A}.Debug|x86.Build.0 = Debug|Win32
		{0348A56A-0C10-4F5C-94FD-C9B16C91E48A}.Release|x64.ActiveCfg = Release|x64
		{0348A56A-0C10-4F5C-94FD-C9B16C91E48A}.Release|x64.Build.0 = Release|x64
		{0348A56A-0C10-4F5C-94FD-C9B16C91E48A}.Release|x86.ActiveCfg = Release|Win32
		{0348A56A-0C10-4F5C-94FD-C9B16C91E48A}.Release|x86.Build.0 = Release|Win32
		{439060F1-24E1-4237-9FF9-A3FCDC5C12E2}.Debug|x64.ActiveCfg = Debug|x64
		{439060F1-24E1-4237-9FF9-A3FCDC5C12E2}.Debug|x64.Build.0 = Debug|x64
		{439060F1-24E1-4237-9FF9-A3FCDC5C12E2}.Debug|x86.ActiveCfg = Debug|Win32
		{439060F1-24E1-4237-9FF9-A3FCDC5C12E2}.Debug|x86.Build.0 = Debug|Win32
		{439060F1-24E1-4237-9FF9-A3FCDC5C12E2}.Release|x64.ActiveCfg = Release|x64
		{439060F1-24E1-4237-9FF9-A3FCDC5C12E2}.Release|x64.Build.0 = Release|x64
		{439060F1-24E1-4237-9FF9-A3FCDC5C12E2}.Release|x86.ActiveCfg = Release|Win32
		{439060F1-24E1-4237-9FF9-A3FCDC5C12E2}.Release|x86.Build.0 = Release|Win32
		{29555981-4988-410A-8C6A-F617F5BD1149}.Debug|x64.ActiveCfg = Debug|x64
		{29555981-4988-410A-8C6A-F617F5BD1149}.Debug|x64.Build.0 = Debug|x64
		{29555981-4988-410A-8C6A-F617F5BD1149}.Debug|x86.ActiveCfg = Debug|Win32
		{29555981-4988-410A-8C6A-F617F5BD1149}.Debug|x86.Build.0 = Debug|Win32
		{29555981-4988-410A-8C6A-F617F5BD1149}.Release|x64.ActiveCfg = Release|x64
		{29555981-4988-410A-8C6A-F617F5BD1149}.Release|x64.Build.0 = Release|x64
		{29555981-4988-410A-8C6A-F617F5BD1149}.Release|x86.ActiveCfg = Release|Win32
		{29555981-4988-410A-8C6A-F617F5BD1149}.Release|x86.Build.0 = Release|Win32
		{BE45249F-545D-4165-B4E7-6B6F4A6F4278}.Debug|x64.ActiveCfg = Debug|x64
		{BE45249F-545D-4165-B4E7-6B6F4A6F4278}.Debug|x64.Build.0 = Debug|x64
		{BE45249F-545D-4165-B4E7-6B6F4A6F4278}.Debug|x86.ActiveCfg = Debug|Win32
		{BE45249F-545D-4165-B4E7-6B6F4A6F4278}.Debug|x86.Build.0 = Debug|Win32
		{BE45249F-545D-4165-B4E7-6B6F4A6F4278}.Release|x64.ActiveCfg = Release|x64
		{BE45249F-545D-4165-B4E7-6B6F4A6F4278}.Release|x64.Build.0 = Release|x64
		{BE45249F-545D-4165-B4E7-6B6F4A6F4278}.Release|x86.ActiveCfg = Release|Win32
		{BE45249F-545D-4165-B4E7-6B6F4A6F4278}.Release|x86.Build.0 = Release|Win32
		{1301AFFC-ECC5-4282-B9CE-19073CFC70B7}.Debug|x64.ActiveCfg = Debug|x64
		{1301AFFC-ECC5-4282-B9CE-19073CFC70B7}.Debug|x64.Build.0 = Debug|x64
		{1301AFFC-ECC5-4282-B9CE-19073CFC70B7}.Debug|x86.ActiveCfg = Debug|Win32
		{1301AFFC-ECC5-4282-B9CE-19073CFC70B7}.Debug|x86.Build.0 = Debug|Win32
		{1301AFFC-ECC5-4282-B9CE-19073CFC70B7}.Release|x64.ActiveCfg = Release|x64
		{1301AFFC-ECC5-4282-B9CE-19073CFC70B7}.Release|x64.Build.0 = Release|x64
		{1301AFFC-ECC5-4282-B9CE-19073CFC70B7}.Release|x86.ActiveCfg = Release|Win32
		{1301AFFC-ECC5-4282-B9CE-19073CFC70B7}.Release|x86.Build.0 = Release|Win32
		{350DDB3C-EC2B-40B4-8EB6-5744BEF049D9}.Debug|x64.ActiveCfg = Debug|x64
		{350DDB3C-EC2B-40B4-8EB6-5744BEF049D9}.Debug|x64.Build.0 = Debug|x64
		{350DDB3C-EC2B-40B4-8EB6-5744BEF049D9}.Debug|x86.ActiveCfg = Debug|Win32
		{350DDB3C-EC2B-40B4-8EB6-5744BEF049D9}.Debug|x86.Build.0 = Debug|Win32
		{350DDB3C-EC2B-40B4-8EB6-5744BEF049D9}.Release|x64.ActiveCfg = Release|x64
		{350DDB3C-EC2B-40B4-8EB6-5744BEF049D9}.Release|x64.Build.0 = Release|x64
		{350DDB3C-EC2B-40B4-8EB6-5744BEF049D9}.Release|x86.ActiveCfg = Release|Win32
		{350DDB3C-EC2B-40B4-8EB6-5744BEF049D9}.Release|x86.Build.0 = Release|Win32
		{F643C081-D235-405E-8040-65AAA726BC91}.Debug|x64.ActiveCfg = Debug|x64
		{F643C081-D235-405E-8040-65AAA726BC91}.Debug|x64.Build.0 = Debug|x64
		{F643C081-D235-405E-8040-65AAA726BC91}.Debug|x86.ActiveCfg = Debug|Win32
		{F643C081-D235-405E-8040-65AAA726BC91}.Debug|x86.Build.0 = Debug|Win32
		{F643C081-D235-405E-8040-65AAA726BC91}.Release|x64.ActiveCfg = Release|x64
		{F643C081-D235-405E-8040-65AAA726BC91}.Release|x64.Build.0 = Release|x64
		{F643C081-D235-405E-8040-65AAA726BC91}.Release|x86.ActiveCfg = Release|Win32
		{F643C081-D235-405E-8040-65AAA726BC91}.Release|x86.Build.0 = Release|Win32
		{7F3B0096-6781-4D8E-A870-5ACE3E625A2B}.Debug|x64.ActiveCfg = Debug|x64
		{7F3B0096-6781-4D8E-A870-5ACE3E625A2B}.Debug|x64.Build.0 = Debug|x64
		{7F3B0096-6781-4D8E-A870-5ACE3E625A2B}.Debug|x86.ActiveCfg = Debug|Win32
		{7F3B0096-6781-4D8E-A870-5ACE3E625A2B}.Debug|x86.Build.0 = Debug|Win32
		{7F3B0096-6781-4D8E-A870-5ACE3E625A2B}.Release|x64.ActiveCfg = Release|x64
		{7F3B0096-6781-4D8E-A870-5ACE3E625A2B}.Release|x64.Build.0 = Release|x64
		{7F3B0096-6781-4D8E-A870-5ACE3E625A2B}.Release|x86.ActiveCfg = Release|Win32
		{7F3B0096-6781-4D8E-A870-5ACE3E625A2B}.Release|x86.Build.0 = Release|Win32
		{BB3E4986-F2D5-40AE-86C6-348D7EA70990}.Debug|x64.ActiveCfg = Debug|x64
		{BB3E4986-F2D5-40AE-86C6-348D7EA70990}.Debug|x64.Build.0 = Debug|x64
		{BB3E4986-F2D5-40AE-86C6-348D7EA70990}.Debug|x86.ActiveCfg = Debug|Win32
		{BB3E4986-F2D5-40AE-86C6-348D7EA70990}.Debug|x86.Build.0 = Debug|Win32
		{BB3E4986-F2D5-40AE-86C6-348D7EA70990}.Release|x64.ActiveCfg = Release|x64
		{BB3E4986-F2D5-40AE-86C6-348D7EA70990}.Release|x64.Build.0 = Release|x64
		{BB3E4986-F2D5-40AE-86C6-348D7EA70990}.Release|x86.ActiveCfg = Release|Win32
		{BB3E4986-F2D5-40AE-86C6-348D7EA70990}.Release|x86.Build.0 = Release|Win32
		{27743F9E-A85D-4F33-8614-5AB760C4BEB6}.Debug|x64.ActiveCfg = Debug|x64
		{27743F9E-A85D-4F33-8614-5AB760C4BEB6}.Debug|x64.Build.0 = Debug|x64
		{27743F9E-A85D-4F33-8614-5AB760C4BEB6}.Debug|x86.ActiveCfg = Debug|Win32
		{27743F9E-A85D-4F33-8614-5AB760C4BEB6}.Debug|x86.Build.0 = Debug|Win32
		{27743F9E-A85D-4F33-8614-5AB760C4BEB6}.Release|x64.ActiveCfg = Release|x64
		{27743F9E-A85D-4F33-8614-5AB760C4BEB6}.Release|x64.Build.0 = Release|x64
		{27743F9E-A85D-4F33-8614-5AB760C4BEB6}.Release|x86.ActiveCfg = Release|Win32
		{27743F9E-A85D-4F33-8614-5AB760C4BEB6}.Release|x86.Build.0 = Release|Win32
		{9D080D7A-267C-4830-AEA2-C47C0F233E74}.Debug|x64.ActiveCfg = Debug|x64
		{9D080D7A-267C-4830-AEA2-C47C0F233E74}.Debug|x64.Build.0 = Debug|x64
		{9D080D7A-267C-4830-AEA2-C47C0F233E74}.Debug|x86.ActiveCfg = Debug|Win32
		{9D080D7A-267C-4830-AEA2-C47C0F233E74}.Debug|x86.Build.0 = Debug|Win32
		{9D080D7A-267C-4830-AEA2-C47C0F233E74}.Release|x64.ActiveCfg = Release|x64
		{9D080D7A-267C-4830-AEA2-C47C0F233E74}.Release|x64.Build.0 = Release|x64
		{9D080D7A-267C-4830-AEA2-C47C0F233E74}.Release|x86.ActiveCfg = Release|Win32
		{9D080D7A-267C-4830-AEA2-C47C0F233E74}.Release|x86.Build.0 = Release|Win32
		{41A182D7-30AB-45B5-9340-67FB182BD724}.Debug|x64.ActiveCfg = Debug|x64
		{41A182D7-30AB-45B5-9340-67FB182BD724}.Debug|x64.Build.0 = Debug|x64
		{41A182D7-30AB-45B5-9340-67FB182BD724}.Debug|x86.ActiveCfg = Debug|Win32
		{41A182D7-30AB-45B5-9340-67FB182BD724}.Debug|x86.Build.0 = Debug|Win32
		{41A182D7-30AB-45B5-9340-67FB182BD724}.Release|x64.ActiveCfg = Release|x64
		{41A182D7-30AB-45B5-9340-67FB182BD724}.Release|x64.Build.0 = Release|x64
		{41A182D7-30AB-45B5-9340-67FB182BD724}.Release|x86.ActiveCfg = Release|Win32
		{41A182D7-30AB-45B5-9340-67FB182BD724}.Release|x86.Build.0 = Release|Win32
		{4E4098B9-1D99-4E3E-82C9-690C54ECF7F2}.Debug|x64.ActiveCfg = Debug|x64
		{4E4098B9-1D99-4E3E-82C9-690C54ECF7F2}.Debug|x64.Build.0 = Debug|x64
		{4E4098B9-1D99-4E3E-82C9-690C54ECF7F2}.Debug|x86.ActiveCfg = Debug|Win32
		{4E4098B9-1D99-4E3E-82C9-690C54ECF7F2}.Debug|x86.Build.0 = Debug|Win32
		{4E4098B9-1D99-4E3E-82C9-690C54ECF7F2}.Release|x64.ActiveCfg = Release|x64
		{4E4098B9-1D99-4E3E-82C9-690C54ECF7F2}.Release|x64.Build.0 = Release|x64
		{4E4098B9-1D99-4E3E-82C9-690C54ECF7F2}.Release|x86.ActiveCfg = Release|Win32
		{4E4098B9-1D99-4E3E-82C9-690C54ECF7F2}.Release|x86.Build.0 = Release|Win32
		{44E14846-58E1-479A-9160-9566EC6B801D}.Debug|x64.ActiveCfg = Debug|x64
		{44E14846-58E1-479A-9160-9566EC6B801D}.Debug|x64.Build.0 = Debug|x64
		{44E14846-58E1-479A-9160-9566EC6B801D}.Debug|x86.ActiveCfg = Debug|Win32
		{44E14846-58E1-479A-9160-9566EC6B801D}.Debug|x86.Build.0 = Debug|Win32
		{44E14846-58E1-479A-9160-9566EC6B801D}.Release|x64.ActiveCfg = Release|x64
		{44E14846-58E1-479A-9160-9566EC6B801D}.Release|x64.Build.0 = Release|x64
		{44E14846-58E1-479A-9160-9566EC6B801D}.Release|x86.ActiveCfg = Release|Win32
		{44E14846-58E1-479A-9160-9566EC6B801D}.Release|x86.Build.0 = Release|Win32
		{B29D7C68-5E3B-4E04-9F04-ECE29737006E}.Debug|x64.ActiveCfg = Debug|x64
		{B29D7C68-5E3B-4E04-9F04-ECE29737006E}.Debug|x64.Build.0 = Debug|x64
		{B29D7C68-5E3B-4E04-9F04-ECE29737006E}.Debug|x86.ActiveCfg = Debug|Win32
		{B29D7C68-5E3B-4E04-9F04-ECE29737006E}.Debug|x86.Build.0 = Debug|Win32
		{B29D7C68-5E3B-4E04-9F04-ECE29737006E}.Release|x64.ActiveCfg = Release|x64
		{B29D7C68-5E3B-4E04-9F04-ECE29737006E}.Release|x64.Build.0 = Release|x64
		{B29D7C68-5E3B-4E04-9F04-ECE29737006E}.Release|x86.ActiveCfg = Release|Win32
		{B29D7C68-5E3B-4E04-9F04-ECE29737006E}.Release|x86.Build.0 = Release|Win32
		{0ED8B543-B573-4F08-83EE-8575B12F9D98}.Debug|x64.ActiveCfg = Debug|x64
		{0ED8B543-B573-4F08-83EE-8575B12F9D98}.Debug|x64.Build.0 = Debug|x64
		{0ED8B543-B573-4F08-83EE-8575B12F9D98}.Debug|x86.ActiveCfg = Debug|Win32
		{0ED8B543-B573-4F08-83EE-8575B12F9D98}.Debug|x86.Build.0 = Debug|Win32
		{0ED8B543-B573-4F08-83EE-8575B12F9D98}.Release|x64.ActiveCfg = Release|x64
		{0ED8B543-B573-4F08-83EE-8575B12F9D98}.Release|x64.Build.0 = Release|x64
		{0ED8B543-B573-4F08-83EE-8575B12F9D98}.Release|x86.ActiveCfg = Release|Win32
		{0ED8B543-B573-4F08-83EE-8575B12F9D98}.Release|x86.Build.0 = Release|Win32
		{3D345E59-5602-4DC2-9E01-D55DAE259E6C}.Debug|x64.ActiveCfg = Debug|x64
		{3D345E59-5602-4DC2-9E01-D55DAE259E6C}.Debug|x64.Build.0 = Debug|x64
		{3D345E59-5602-4DC2-9E01-D55DAE259E6C}.Debug|x86.ActiveCfg = Debug|Win32
		{3D345E59-5602-4DC2-9E01-D55DAE259E6C}.Debug|x86.Build.0 = Debug|Win32
		{3D345E59-5602-4DC2-9E01-D55DAE259E6C}.Release|x64.ActiveCfg = Release|x64
		{3D345E59-5602-4DC2-9E01-D55DAE259E6C}.Release|x64.Build.0 = Release|x64
		{3D345E59-5602-4DC2-9E01-D55DAE259E6C}.Release|x86.ActiveCfg = Release|Win32
		{3D345E59-5602-4DC2-9E01-D55DAE259E6C}.Release|x86.Build.0 = Release|Win32
		{FA341B22-3777-4A21-8991-CDFD02955FF7}.Debug|x64.ActiveCfg = Debug|x64
		{FA341B22-3777-4A21-8991-CDFD02955FF7}.Debug|x64.Build.0 = Debug|x64
		{FA341B22-3777-4A21-8991-CDFD02955FF7}.Debug|x86.ActiveCfg = Debug|Win32
		{FA341B22-3777-4A21-8991-CDFD02955FF7}.Debug|x86.Build.0 = Debug|Win32
		{FA341B22-3777-4A21-8991-CDFD02955FF7}.Release|x64.ActiveCfg = Release|x64
		{FA341B22-3777-4A21-8991-CDFD02955FF7}.Release|x64.Build.0 = Release|x64
		{FA341B22-3777-4A21-8991-CDFD02955FF7}.Release|x86.ActiveCfg = Release|Win32
		{FA341B22-3777-4A21-8991-CDFD02955FF7}.Release|x86.Build.0 = Release|Win32
		{3D209F02-1448-4404-BD21-D23E088E3F64}.Debug|x64.ActiveCfg = Debug|x64
		{3D209F02-1448-4404-BD21-D23E088E3F64}.Debug|x64.Build.0 = Debug|x64
		{3D209F02-1448-4404-BD21-D23E088E3F64}.Debug|x86.ActiveCfg = Debug|Win32
		{3D209F02-1448-4404-BD21-D23E088E3F64}.Debug|x86.Build.0 = Debug|Win32
		{3D209F02-1448-4404-BD21-D23E088E3F64}.Release|x64.ActiveCfg = Release|x64
		{3D209F02-1448-4404-BD21-D23E088E3F64}.Release|x64.Build.0 = Release|x64
		{3D209F02-1448-4404-BD21-D23E088E3F64}.Release|x86.ActiveCfg = Release|Win32
		{3D209F02-1448-4404-BD21-D23E088E3F64}.Release|x86.Build.0 = Release|Win32
		{F4859BAA-5B4C-4FB8-85EC-83D6CD8FE4A6}.Debug|x64.ActiveCfg = Debug|x64
		{F4859BAA-5B4C-4FB8-85EC-83D6CD8FE4A6}.Debug|x64.Build.0 = Debug|x64
		{F4859BAA-5B4C-4FB8-85EC-83D6CD8FE4A6}.Debug|x86.ActiveCfg = Debug|Win32
		{F4859BAA-5B4C-4FB8-85EC-83D6CD8FE4A6}.Debug|x86.Build.0 = Debug|Win32
		{F4859BAA-5B4C-4FB8-85EC-83D6CD8FE4A6}.Release|x64.ActiveCfg = Release|x64
		{F4859BAA-5B4C-4FB8-85EC-83D6CD8FE4A6}.Release|x64.Build.0 = Release|x64
		{F4859BAA-5B4C-4FB8-85EC-83D6CD8FE4A6}.Release|x86.ActiveCfg = Release|Win32
		{F4859BAA-5B4C-4FB8-85EC-83D6CD8FE4A6}.Release|x86.Build.0 = Release|Win32
		{3A96EE98-B46E-43AF-8500-8AABF205B0AD}.Debug|x64.ActiveCfg = Debug|x64
		{3A96EE98-B46E-43AF-8500-8AABF205B0AD}.Debug|x64.Build.0 = Debug|x64
		{3A96EE98-B46E-43AF-8500-8AABF205B0AD}.Debug|x86.ActiveCfg = Debug|Win32
		{3A96EE98-B46E-43AF-8500-8AABF205B0AD}.Debug|x86.Build.0 = Debug|Win32
		{3A96EE98-B46E-43AF-8500-8AABF205B0AD}.Release|x64.ActiveCfg = Release|x64
		{3A96EE98-B46E-43AF-8500-8AABF205B0AD}.Release|x64.Build.0 = Release|x64
		{3A96EE98-B46E-43AF-8500-8AABF205B0AD}.Release|x86.ActiveCfg = Release|Win32
		{3A96EE98-B46E-43AF-8500-8AABF205B0AD}.Release|x86.Build.0 = Release|Win32
		{DB645861-5116-423E-B5A0-237E44240652}.Debug|x64.ActiveCfg = Debug|x64
		{DB645861-5116-423E-B5A0-237E44240652}.Debug|x64.Build.0 = Debug|x64
		{DB645861-5116-423E-B5A0-237E44240652}.Debug|x86.ActiveCfg = Debug|Win32
		{DB645861-5116-423E-B5A0-237E44240652}.Debug|x86.Build.0 = Debug|Win32
		{DB645861-5116-423E-B5A0-237E44240652}.Release|x64.ActiveCfg = Release|x64
		{DB645861-5116-423E-B5A0-237E44240652}.Release|x64.Build.0 = Release|x64
		{DB645861-5116-423E-B5A0-237E44240652}.Release|x86.ActiveCfg = Release|Win32
		{DB645861-5116-423E-B5A0-237E44240652}.Release|x86.Build.0 = Release|Win32
		{9180731B-5FF5-4DC3-8413-FA6E65D769B9}.Debug|x64.ActiveCfg = Debug|x64
		{9180731B-5FF5-4DC3-8413-FA6E65D769B9}.Debug|x64.Build.0 = Debug|x64
		{9180731B-5FF5-4DC3-8413-FA6E65D769B9}.Debug|x86.ActiveCfg = Debug|Win32
		{9180731B-5FF5-4DC3-8413-FA6E65D769B9}.Debug|x86.Build.0 = Debug|Win32
		{9180731B-5FF5-4DC3-8413-FA6E65D769B9}.Release|x64.ActiveCfg = Release|x64
		{9180731B-5FF5-4DC3-8413-FA6E65D769B9}.Release|x64.Build.0 = Release|x64
		{9180731B-5FF5-4DC3-8413-FA6E65D769B9}.Release|x86.ActiveCfg = Release|Win32
		{9180731B-5FF5-4DC3-8413-FA6E65D769B9}.Release|x86.Build.0 = Release|Win32
	EndGlobalSection
	GlobalSection(SolutionProperties) = preSolution
		HideSolutionNode = FALSE
	EndGlobalSection
	GlobalSection(ExtensibilityGlobals) = postSolution
		SolutionGuid = {CC14B74B-D38E-447A-BA03-77E9AAF56502}
	EndGlobalSection
EndGlobal
